
Microsoft Visual Studio Solution File, Format Version 12.00
# Visual Studio 15
VisualStudioVersion = 15.0.27703.2018
MinimumVisualStudioVersion = 10.0.40219.1
Project("{FAE04EC0-301F-11D3-BF4B-00C04F79EFBC}") = "EF_New", "EF_New\EF_New.csproj", "{95E5E5F3-A967-4B73-B71F-7942E9501B12}"
EndProject
Global
	GlobalSection(SolutionConfigurationPlatforms) = preSolution
		Debug|Any CPU = Debug|Any CPU
		Release|Any CPU = Release|Any CPU
	EndGlobalSection
	GlobalSection(ProjectConfigurationPlatforms) = postSolution
		{95E5E5F3-A967-4B73-B71F-7942E9501B12}.Debug|Any CPU.ActiveCfg = Debug|Any CPU
		{95E5E5F3-A967-4B73-B71F-7942E9501B12}.Debug|Any CPU.Build.0 = Debug|Any CPU
		{95E5E5F3-A967-4B73-B71F-7942E9501B12}.Release|Any CPU.ActiveCfg = Release|Any CPU
		{95E5E5F3-A967-4B73-B71F-7942E9501B12}.Release|Any CPU.Build.0 = Release|Any CPU
	EndGlobalSection
	GlobalSection(SolutionProperties) = preSolution
		HideSolutionNode = FALSE
	EndGlobalSection
	GlobalSection(ExtensibilityGlobals) = postSolution
		SolutionGuid = {ECC16988-2AD8-4D66-8DE8-479B1BCDF7F3}
	EndGlobalSection
EndGlobal
